// !$*UTF8*$!
{
	archiveVersion = 1;
	classes = {
	};
	objectVersion = 46;
	objects = {

/* Begin PBXBuildFile section */
		CE04A8211BEA8BE30082C2A5 /* YLTCPUtilsTests.m in Sources */ = {isa = PBXBuildFile; fileRef = CE04A8201BEA8BE30082C2A5 /* YLTCPUtilsTests.m */; };
		CEC39A5219FEA86A003D8AC9 /* main.m in Sources */ = {isa = PBXBuildFile; fileRef = CEC39A5119FEA86A003D8AC9 /* main.m */; };
		CEC39A5519FEA86A003D8AC9 /* AppDelegate.m in Sources */ = {isa = PBXBuildFile; fileRef = CEC39A5419FEA86A003D8AC9 /* AppDelegate.m */; };
		CEC39A5819FEA86A003D8AC9 /* ViewController.m in Sources */ = {isa = PBXBuildFile; fileRef = CEC39A5719FEA86A003D8AC9 /* ViewController.m */; };
		CEC39A5B19FEA86A003D8AC9 /* Main.storyboard in Resources */ = {isa = PBXBuildFile; fileRef = CEC39A5919FEA86A003D8AC9 /* Main.storyboard */; };
		CEC39A5D19FEA86A003D8AC9 /* Images.xcassets in Resources */ = {isa = PBXBuildFile; fileRef = CEC39A5C19FEA86A003D8AC9 /* Images.xcassets */; };
		CEC39A6019FEA86A003D8AC9 /* LaunchScreen.xib in Resources */ = {isa = PBXBuildFile; fileRef = CEC39A5E19FEA86A003D8AC9 /* LaunchScreen.xib */; };
		CEC39A9719FFBFE6003D8AC9 /* YLTCPBroadcaster.m in Sources */ = {isa = PBXBuildFile; fileRef = CEC39A9219FFBFE6003D8AC9 /* YLTCPBroadcaster.m */; };
		CEC39A9819FFBFE6003D8AC9 /* YLTCPBroadcaster.m in Sources */ = {isa = PBXBuildFile; fileRef = CEC39A9219FFBFE6003D8AC9 /* YLTCPBroadcaster.m */; };
		CEC39A9919FFBFE6003D8AC9 /* YLTCPSocket.m in Sources */ = {isa = PBXBuildFile; fileRef = CEC39A9419FFBFE6003D8AC9 /* YLTCPSocket.m */; };
		CEC39A9A19FFBFE6003D8AC9 /* YLTCPSocket.m in Sources */ = {isa = PBXBuildFile; fileRef = CEC39A9419FFBFE6003D8AC9 /* YLTCPSocket.m */; };
		CEC39A9B19FFBFE6003D8AC9 /* YLTCPUtils.m in Sources */ = {isa = PBXBuildFile; fileRef = CEC39A9619FFBFE6003D8AC9 /* YLTCPUtils.m */; };
		CEC39A9C19FFBFE6003D8AC9 /* YLTCPUtils.m in Sources */ = {isa = PBXBuildFile; fileRef = CEC39A9619FFBFE6003D8AC9 /* YLTCPUtils.m */; };
/* End PBXBuildFile section */

/* Begin PBXContainerItemProxy section */
		CEC39A6619FEA86B003D8AC9 /* PBXContainerItemProxy */ = {
			isa = PBXContainerItemProxy;
			containerPortal = CEC39A4419FEA86A003D8AC9 /* Project object */;
			proxyType = 1;
			remoteGlobalIDString = CEC39A4B19FEA86A003D8AC9;
			remoteInfo = YLTCPBroadcasterSample;
		};
/* End PBXContainerItemProxy section */

/* Begin PBXCopyFilesBuildPhase section */
		CEEB287D1BE216A2001A74E8 /* Embed Frameworks */ = {
			isa = PBXCopyFilesBuildPhase;
			buildActionMask = 2147483647;
			dstPath = "";
			dstSubfolderSpec = 10;
			files = (
			);
			name = "Embed Frameworks";
			runOnlyForDeploymentPostprocessing = 0;
		};
/* End PBXCopyFilesBuildPhase section */

/* Begin PBXFileReference section */
		CE04A81F1BEA80FF0082C2A5 /* YLTCPBroadcasterDelegate.h */ = {isa = PBXFileReference; lastKnownFileType = sourcecode.c.h; path = YLTCPBroadcasterDelegate.h; sourceTree = "<group>"; };
		CE04A8201BEA8BE30082C2A5 /* YLTCPUtilsTests.m */ = {isa = PBXFileReference; fileEncoding = 4; lastKnownFileType = sourcecode.c.objc; path = YLTCPUtilsTests.m; sourceTree = "<group>"; };
		CEC39A4C19FEA86A003D8AC9 /* YLTCPBroadcasterSample.app */ = {isa = PBXFileReference; explicitFileType = wrapper.application; includeInIndex = 0; path = YLTCPBroadcasterSample.app; sourceTree = BUILT_PRODUCTS_DIR; };
		CEC39A5019FEA86A003D8AC9 /* Info.plist */ = {isa = PBXFileReference; lastKnownFileType = text.plist.xml; path = Info.plist; sourceTree = "<group>"; };
		CEC39A5119FEA86A003D8AC9 /* main.m */ = {isa = PBXFileReference; lastKnownFileType = sourcecode.c.objc; path = main.m; sourceTree = "<group>"; };
		CEC39A5319FEA86A003D8AC9 /* AppDelegate.h */ = {isa = PBXFileReference; lastKnownFileType = sourcecode.c.h; path = AppDelegate.h; sourceTree = "<group>"; };
		CEC39A5419FEA86A003D8AC9 /* AppDelegate.m */ = {isa = PBXFileReference; lastKnownFileType = sourcecode.c.objc; path = AppDelegate.m; sourceTree = "<group>"; };
		CEC39A5619FEA86A003D8AC9 /* ViewController.h */ = {isa = PBXFileReference; lastKnownFileType = sourcecode.c.h; path = ViewController.h; sourceTree = "<group>"; };
		CEC39A5719FEA86A003D8AC9 /* ViewController.m */ = {isa = PBXFileReference; lastKnownFileType = sourcecode.c.objc; path = ViewController.m; sourceTree = "<group>"; };
		CEC39A5A19FEA86A003D8AC9 /* Base */ = {isa = PBXFileReference; lastKnownFileType = file.storyboard; name = Base; path = Base.lproj/Main.storyboard; sourceTree = "<group>"; };
		CEC39A5C19FEA86A003D8AC9 /* Images.xcassets */ = {isa = PBXFileReference; lastKnownFileType = folder.assetcatalog; path = Images.xcassets; sourceTree = "<group>"; };
		CEC39A5F19FEA86A003D8AC9 /* Base */ = {isa = PBXFileReference; lastKnownFileType = file.xib; name = Base; path = Base.lproj/LaunchScreen.xib; sourceTree = "<group>"; };
		CEC39A6519FEA86B003D8AC9 /* YLTCPBroadcasterSampleTests.xctest */ = {isa = PBXFileReference; explicitFileType = wrapper.cfbundle; includeInIndex = 0; path = YLTCPBroadcasterSampleTests.xctest; sourceTree = BUILT_PRODUCTS_DIR; };
		CEC39A6A19FEA86B003D8AC9 /* Info.plist */ = {isa = PBXFileReference; lastKnownFileType = text.plist.xml; path = Info.plist; sourceTree = "<group>"; };
		CEC39A9119FFBFE6003D8AC9 /* YLTCPBroadcaster.h */ = {isa = PBXFileReference; fileEncoding = 4; lastKnownFileType = sourcecode.c.h; path = YLTCPBroadcaster.h; sourceTree = "<group>"; };
		CEC39A9219FFBFE6003D8AC9 /* YLTCPBroadcaster.m */ = {isa = PBXFileReference; fileEncoding = 4; lastKnownFileType = sourcecode.c.objc; path = YLTCPBroadcaster.m; sourceTree = "<group>"; };
		CEC39A9319FFBFE6003D8AC9 /* YLTCPSocket.h */ = {isa = PBXFileReference; fileEncoding = 4; lastKnownFileType = sourcecode.c.h; path = YLTCPSocket.h; sourceTree = "<group>"; };
		CEC39A9419FFBFE6003D8AC9 /* YLTCPSocket.m */ = {isa = PBXFileReference; fileEncoding = 4; lastKnownFileType = sourcecode.c.objc; path = YLTCPSocket.m; sourceTree = "<group>"; };
		CEC39A9519FFBFE6003D8AC9 /* YLTCPUtils.h */ = {isa = PBXFileReference; fileEncoding = 4; lastKnownFileType = sourcecode.c.h; path = YLTCPUtils.h; sourceTree = "<group>"; };
		CEC39A9619FFBFE6003D8AC9 /* YLTCPUtils.m */ = {isa = PBXFileReference; fileEncoding = 4; lastKnownFileType = sourcecode.c.objc; path = YLTCPUtils.m; sourceTree = "<group>"; };
/* End PBXFileReference section */

/* Begin PBXFrameworksBuildPhase section */
		CEC39A4919FEA86A003D8AC9 /* Frameworks */ = {
			isa = PBXFrameworksBuildPhase;
			buildActionMask = 2147483647;
			files = (
			);
			runOnlyForDeploymentPostprocessing = 0;
		};
		CEC39A6219FEA86B003D8AC9 /* Frameworks */ = {
			isa = PBXFrameworksBuildPhase;
			buildActionMask = 2147483647;
			files = (
			);
			runOnlyForDeploymentPostprocessing = 0;
		};
/* End PBXFrameworksBuildPhase section */

/* Begin PBXGroup section */
		CEC39A4319FEA86A003D8AC9 = {
			isa = PBXGroup;
			children = (
				CEC39A9019FFBFE6003D8AC9 /* YLTCPBroadcaster */,
				CEC39A4E19FEA86A003D8AC9 /* YLTCPBroadcasterSample */,
				CEC39A6819FEA86B003D8AC9 /* YLTCPBroadcasterSampleTests */,
				CEC39A4D19FEA86A003D8AC9 /* Products */,
			);
			sourceTree = "<group>";
		};
		CEC39A4D19FEA86A003D8AC9 /* Products */ = {
			isa = PBXGroup;
			children = (
				CEC39A4C19FEA86A003D8AC9 /* YLTCPBroadcasterSample.app */,
				CEC39A6519FEA86B003D8AC9 /* YLTCPBroadcasterSampleTests.xctest */,
			);
			name = Products;
			sourceTree = "<group>";
		};
		CEC39A4E19FEA86A003D8AC9 /* YLTCPBroadcasterSample */ = {
			isa = PBXGroup;
			children = (
				CEC39A5319FEA86A003D8AC9 /* AppDelegate.h */,
				CEC39A5419FEA86A003D8AC9 /* AppDelegate.m */,
				CEC39A5619FEA86A003D8AC9 /* ViewController.h */,
				CEC39A5719FEA86A003D8AC9 /* ViewController.m */,
				CEC39A5919FEA86A003D8AC9 /* Main.storyboard */,
				CEC39A5C19FEA86A003D8AC9 /* Images.xcassets */,
				CEC39A5E19FEA86A003D8AC9 /* LaunchScreen.xib */,
				CEC39A4F19FEA86A003D8AC9 /* Supporting Files */,
			);
			path = YLTCPBroadcasterSample;
			sourceTree = "<group>";
		};
		CEC39A4F19FEA86A003D8AC9 /* Supporting Files */ = {
			isa = PBXGroup;
			children = (
				CEC39A5019FEA86A003D8AC9 /* Info.plist */,
				CEC39A5119FEA86A003D8AC9 /* main.m */,
			);
			name = "Supporting Files";
			sourceTree = "<group>";
		};
		CEC39A6819FEA86B003D8AC9 /* YLTCPBroadcasterSampleTests */ = {
			isa = PBXGroup;
			children = (
				CE04A8201BEA8BE30082C2A5 /* YLTCPUtilsTests.m */,
				CEC39A6919FEA86B003D8AC9 /* Supporting Files */,
			);
			path = YLTCPBroadcasterSampleTests;
			sourceTree = "<group>";
		};
		CEC39A6919FEA86B003D8AC9 /* Supporting Files */ = {
			isa = PBXGroup;
			children = (
				CEC39A6A19FEA86B003D8AC9 /* Info.plist */,
			);
			name = "Supporting Files";
			sourceTree = "<group>";
		};
		CEC39A9019FFBFE6003D8AC9 /* YLTCPBroadcaster */ = {
			isa = PBXGroup;
			children = (
				CEC39A9119FFBFE6003D8AC9 /* YLTCPBroadcaster.h */,
				CEC39A9219FFBFE6003D8AC9 /* YLTCPBroadcaster.m */,
				CE04A81F1BEA80FF0082C2A5 /* YLTCPBroadcasterDelegate.h */,
				CEC39A9319FFBFE6003D8AC9 /* YLTCPSocket.h */,
				CEC39A9419FFBFE6003D8AC9 /* YLTCPSocket.m */,
				CEC39A9519FFBFE6003D8AC9 /* YLTCPUtils.h */,
				CEC39A9619FFBFE6003D8AC9 /* YLTCPUtils.m */,
			);
			name = YLTCPBroadcaster;
			path = ../YLTCPBroadcaster;
			sourceTree = "<group>";
		};
/* End PBXGroup section */

/* Begin PBXNativeTarget section */
		CEC39A4B19FEA86A003D8AC9 /* YLTCPBroadcasterSample */ = {
			isa = PBXNativeTarget;
			buildConfigurationList = CEC39A6F19FEA86B003D8AC9 /* Build configuration list for PBXNativeTarget "YLTCPBroadcasterSample" */;
			buildPhases = (
				CEC39A4819FEA86A003D8AC9 /* Sources */,
				CEC39A4919FEA86A003D8AC9 /* Frameworks */,
				CEC39A4A19FEA86A003D8AC9 /* Resources */,
				CEEB287D1BE216A2001A74E8 /* Embed Frameworks */,
			);
			buildRules = (
			);
			dependencies = (
			);
			name = YLTCPBroadcasterSample;
			productName = YLTCPBroadcasterSample;
			productReference = CEC39A4C19FEA86A003D8AC9 /* YLTCPBroadcasterSample.app */;
			productType = "com.apple.product-type.application";
		};
		CEC39A6419FEA86B003D8AC9 /* YLTCPBroadcasterSampleTests */ = {
			isa = PBXNativeTarget;
			buildConfigurationList = CEC39A7219FEA86B003D8AC9 /* Build configuration list for PBXNativeTarget "YLTCPBroadcasterSampleTests" */;
			buildPhases = (
				CEC39A6119FEA86B003D8AC9 /* Sources */,
				CEC39A6219FEA86B003D8AC9 /* Frameworks */,
				CEC39A6319FEA86B003D8AC9 /* Resources */,
			);
			buildRules = (
			);
			dependencies = (
				CEC39A6719FEA86B003D8AC9 /* PBXTargetDependency */,
			);
			name = YLTCPBroadcasterSampleTests;
			productName = YLTCPBroadcasterSampleTests;
			productReference = CEC39A6519FEA86B003D8AC9 /* YLTCPBroadcasterSampleTests.xctest */;
			productType = "com.apple.product-type.bundle.unit-test";
		};
/* End PBXNativeTarget section */

/* Begin PBXProject section */
		CEC39A4419FEA86A003D8AC9 /* Project object */ = {
			isa = PBXProject;
			attributes = {
				LastUpgradeCheck = 0710;
				ORGANIZATIONNAME = "Yannick Loriot";
				TargetAttributes = {
					CEC39A4B19FEA86A003D8AC9 = {
						CreatedOnToolsVersion = 6.1;
					};
					CEC39A6419FEA86B003D8AC9 = {
						CreatedOnToolsVersion = 6.1;
						TestTargetID = CEC39A4B19FEA86A003D8AC9;
					};
				};
			};
			buildConfigurationList = CEC39A4719FEA86A003D8AC9 /* Build configuration list for PBXProject "YLTCPBroadcasterSample" */;
			compatibilityVersion = "Xcode 3.2";
			developmentRegion = English;
			hasScannedForEncodings = 0;
			knownRegions = (
				en,
				Base,
			);
			mainGroup = CEC39A4319FEA86A003D8AC9;
			productRefGroup = CEC39A4D19FEA86A003D8AC9 /* Products */;
			projectDirPath = "";
			projectRoot = "";
			targets = (
				CEC39A4B19FEA86A003D8AC9 /* YLTCPBroadcasterSample */,
				CEC39A6419FEA86B003D8AC9 /* YLTCPBroadcasterSampleTests */,
			);
		};
/* End PBXProject section */

/* Begin PBXResourcesBuildPhase section */
		CEC39A4A19FEA86A003D8AC9 /* Resources */ = {
			isa = PBXResourcesBuildPhase;
			buildActionMask = 2147483647;
			files = (
				CEC39A5B19FEA86A003D8AC9 /* Main.storyboard in Resources */,
				CEC39A6019FEA86A003D8AC9 /* LaunchScreen.xib in Resources */,
				CEC39A5D19FEA86A003D8AC9 /* Images.xcassets in Resources */,
			);
			runOnlyForDeploymentPostprocessing = 0;
		};
		CEC39A6319FEA86B003D8AC9 /* Resources */ = {
			isa = PBXResourcesBuildPhase;
			buildActionMask = 2147483647;
			files = (
			);
			runOnlyForDeploymentPostprocessing = 0;
		};
/* End PBXResourcesBuildPhase section */

/* Begin PBXSourcesBuildPhase section */
		CEC39A4819FEA86A003D8AC9 /* Sources */ = {
			isa = PBXSourcesBuildPhase;
			buildActionMask = 2147483647;
			files = (
				CEC39A9919FFBFE6003D8AC9 /* YLTCPSocket.m in Sources */,
				CEC39A5819FEA86A003D8AC9 /* ViewController.m in Sources */,
				CEC39A5519FEA86A003D8AC9 /* AppDelegate.m in Sources */,
				CEC39A5219FEA86A003D8AC9 /* main.m in Sources */,
				CEC39A9B19FFBFE6003D8AC9 /* YLTCPUtils.m in Sources */,
				CEC39A9719FFBFE6003D8AC9 /* YLTCPBroadcaster.m in Sources */,
			);
			runOnlyForDeploymentPostprocessing = 0;
		};
		CEC39A6119FEA86B003D8AC9 /* Sources */ = {
			isa = PBXSourcesBuildPhase;
			buildActionMask = 2147483647;
			files = (
				CEC39A9C19FFBFE6003D8AC9 /* YLTCPUtils.m in Sources */,
				CEC39A9819FFBFE6003D8AC9 /* YLTCPBroadcaster.m in Sources */,
				CEC39A9A19FFBFE6003D8AC9 /* YLTCPSocket.m in Sources */,
				CE04A8211BEA8BE30082C2A5 /* YLTCPUtilsTests.m in Sources */,
			);
			runOnlyForDeploymentPostprocessing = 0;
		};
/* End PBXSourcesBuildPhase section */

/* Begin PBXTargetDependency section */
		CEC39A6719FEA86B003D8AC9 /* PBXTargetDependency */ = {
			isa = PBXTargetDependency;
			target = CEC39A4B19FEA86A003D8AC9 /* YLTCPBroadcasterSample */;
			targetProxy = CEC39A6619FEA86B003D8AC9 /* PBXContainerItemProxy */;
		};
/* End PBXTargetDependency section */

/* Begin PBXVariantGroup section */
		CEC39A5919FEA86A003D8AC9 /* Main.storyboard */ = {
			isa = PBXVariantGroup;
			children = (
				CEC39A5A19FEA86A003D8AC9 /* Base */,
			);
			name = Main.storyboard;
			sourceTree = "<group>";
		};
		CEC39A5E19FEA86A003D8AC9 /* LaunchScreen.xib */ = {
			isa = PBXVariantGroup;
			children = (
				CEC39A5F19FEA86A003D8AC9 /* Base */,
			);
			name = LaunchScreen.xib;
			sourceTree = "<group>";
		};
/* End PBXVariantGroup section */

/* Begin XCBuildConfiguration section */
		CEC39A6D19FEA86B003D8AC9 /* Debug */ = {
			isa = XCBuildConfiguration;
			buildSettings = {
				ALWAYS_SEARCH_USER_PATHS = NO;
				CLANG_CXX_LANGUAGE_STANDARD = "gnu++0x";
				CLANG_CXX_LIBRARY = "libc++";
				CLANG_ENABLE_MODULES = YES;
				CLANG_ENABLE_OBJC_ARC = YES;
				CLANG_WARN_BOOL_CONVERSION = YES;
				CLANG_WARN_CONSTANT_CONVERSION = YES;
				CLANG_WARN_DIRECT_OBJC_ISA_USAGE = YES_ERROR;
				CLANG_WARN_EMPTY_BODY = YES;
				CLANG_WARN_ENUM_CONVERSION = YES;
				CLANG_WARN_INT_CONVERSION = YES;
				CLANG_WARN_OBJC_ROOT_CLASS = YES_ERROR;
				CLANG_WARN_UNREACHABLE_CODE = YES;
				CLANG_WARN__DUPLICATE_METHOD_MATCH = YES;
				"CODE_SIGN_IDENTITY[sdk=iphoneos*]" = "iPhone Developer";
				COPY_PHASE_STRIP = NO;
				ENABLE_STRICT_OBJC_MSGSEND = YES;
				ENABLE_TESTABILITY = YES;
				GCC_C_LANGUAGE_STANDARD = gnu99;
				GCC_DYNAMIC_NO_PIC = NO;
				GCC_OPTIMIZATION_LEVEL = 0;
				GCC_PREPROCESSOR_DEFINITIONS = (
					"DEBUG=1",
					"$(inherited)",
				);
				GCC_SYMBOLS_PRIVATE_EXTERN = NO;
				GCC_WARN_64_TO_32_BIT_CONVERSION = YES;
				GCC_WARN_ABOUT_RETURN_TYPE = YES_ERROR;
				GCC_WARN_UNDECLARED_SELECTOR = YES;
				GCC_WARN_UNINITIALIZED_AUTOS = YES_AGGRESSIVE;
				GCC_WARN_UNUSED_FUNCTION = YES;
				GCC_WARN_UNUSED_VARIABLE = YES;
				IPHONEOS_DEPLOYMENT_TARGET = 8.0;
				MTL_ENABLE_DEBUG_INFO = YES;
				ONLY_ACTIVE_ARCH = YES;
				SDKROOT = iphoneos;
				TARGETED_DEVICE_FAMILY = "1,2";
			};
			name = Debug;
		};
		CEC39A6E19FEA86B003D8AC9 /* Release */ = {
			isa = XCBuildConfiguration;
			buildSettings = {
				ALWAYS_SEARCH_USER_PATHS = NO;
				CLANG_CXX_LANGUAGE_STANDARD = "gnu++0x";
				CLANG_CXX_LIBRARY = "libc++";
				CLANG_ENABLE_MODULES = YES;
				CLANG_ENABLE_OBJC_ARC = YES;
				CLANG_WARN_BOOL_CONVERSION = YES;
				CLANG_WARN_CONSTANT_CONVERSION = YES;
				CLANG_WARN_DIRECT_OBJC_ISA_USAGE = YES_ERROR;
				CLANG_WARN_EMPTY_BODY = YES;
				CLANG_WARN_ENUM_CONVERSION = YES;
				CLANG_WARN_INT_CONVERSION = YES;
				CLANG_WARN_OBJC_ROOT_CLASS = YES_ERROR;
				CLANG_WARN_UNREACHABLE_CODE = YES;
				CLANG_WARN__DUPLICATE_METHOD_MATCH = YES;
				"CODE_SIGN_IDENTITY[sdk=iphoneos*]" = "iPhone Developer";
				COPY_PHASE_STRIP = YES;
				ENABLE_NS_ASSERTIONS = NO;
				ENABLE_STRICT_OBJC_MSGSEND = YES;
				GCC_C_LANGUAGE_STANDARD = gnu99;
				GCC_WARN_64_TO_32_BIT_CONVERSION = YES;
				GCC_WARN_ABOUT_RETURN_TYPE = YES_ERROR;
				GCC_WARN_UNDECLARED_SELECTOR = YES;
				GCC_WARN_UNINITIALIZED_AUTOS = YES_AGGRESSIVE;
				GCC_WARN_UNUSED_FUNCTION = YES;
				GCC_WARN_UNUSED_VARIABLE = YES;
				IPHONEOS_DEPLOYMENT_TARGET = 8.0;
				MTL_ENABLE_DEBUG_INFO = NO;
				SDKROOT = iphoneos;
				TARGETED_DEVICE_FAMILY = "1,2";
				VALIDATE_PRODUCT = YES;
			};
			name = Release;
		};
		CEC39A7019FEA86B003D8AC9 /* Debug */ = {
			isa = XCBuildConfiguration;
			buildSettings = {
				ASSETCATALOG_COMPILER_APPICON_NAME = AppIcon;
				INFOPLIST_FILE = YLTCPBroadcasterSample/Info.plist;
				LD_RUNPATH_SEARCH_PATHS = "$(inherited) @executable_path/Frameworks";
				PRODUCT_BUNDLE_IDENTIFIER = "com.yannickloriot.$(PRODUCT_NAME:rfc1034identifier)";
				PRODUCT_NAME = "$(TARGET_NAME)";
			};
			name = Debug;
		};
		CEC39A7119FEA86B003D8AC9 /* Release */ = {
			isa = XCBuildConfiguration;
			buildSettings = {
				ASSETCATALOG_COMPILER_APPICON_NAME = AppIcon;
				INFOPLIST_FILE = YLTCPBroadcasterSample/Info.plist;
				LD_RUNPATH_SEARCH_PATHS = "$(inherited) @executable_path/Frameworks";
				PRODUCT_BUNDLE_IDENTIFIER = "com.yannickloriot.$(PRODUCT_NAME:rfc1034identifier)";
				PRODUCT_NAME = "$(TARGET_NAME)";
			};
			name = Release;
		};
		CEC39A7319FEA86B003D8AC9 /* Debug */ = {
			isa = XCBuildConfiguration;
			buildSettings = {
				BUNDLE_LOADER = "$(TEST_HOST)";
				FRAMEWORK_SEARCH_PATHS = (
					"$(SDKROOT)/Developer/Library/Frameworks",
					"$(inherited)",
				);
				GCC_PREPROCESSOR_DEFINITIONS = (
					"DEBUG=1",
					"$(inherited)",
				);
				INFOPLIST_FILE = YLTCPBroadcasterSampleTests/Info.plist;
				LD_RUNPATH_SEARCH_PATHS = "$(inherited) @executable_path/Frameworks @loader_path/Frameworks";
				PRODUCT_BUNDLE_IDENTIFIER = "com.yannickloriot.$(PRODUCT_NAME:rfc1034identifier)";
				PRODUCT_NAME = "$(TARGET_NAME)";
				TEST_HOST = "$(BUILT_PRODUCTS_DIR)/YLTCPBroadcasterSample.app/YLTCPBroadcasterSample";
			};
			name = Debug;
		};
		CEC39A7419FEA86B003D8AC9 /* Release */ = {
			isa = XCBuildConfiguration;
			buildSettings = {
				BUNDLE_LOADER = "$(TEST_HOST)";
				FRAMEWORK_SEARCH_PATHS = (
					"$(SDKROOT)/Developer/Library/Frameworks",
					"$(inherited)",
				);
				INFOPLIST_FILE = YLTCPBroadcasterSampleTests/Info.plist;
				LD_RUNPATH_SEARCH_PATHS = "$(inherited) @executable_path/Frameworks @loader_path/Frameworks";
				PRODUCT_BUNDLE_IDENTIFIER = "com.yannickloriot.$(PRODUCT_NAME:rfc1034identifier)";
				PRODUCT_NAME = "$(TARGET_NAME)";
				TEST_HOST = "$(BUILT_PRODUCTS_DIR)/YLTCPBroadcasterSample.app/YLTCPBroadcasterSample";
			};
			name = Release;
		};
/* End XCBuildConfiguration section */

/* Begin XCConfigurationList section */
		CEC39A4719FEA86A003D8AC9 /* Build configuration list for PBXProject "YLTCPBroadcasterSample" */ = {
			isa = XCConfigurationList;
			buildConfigurations = (
				CEC39A6D19FEA86B003D8AC9 /* Debug */,
				CEC39A6E19FEA86B003D8AC9 /* Release */,
			);
			defaultConfigurationIsVisible = 0;
			defaultConfigurationName = Release;
		};
		CEC39A6F19FEA86B003D8AC9 /* Build configuration list for PBXNativeTarget "YLTCPBroadcasterSample" */ = {
			isa = XCConfigurationList;
			buildConfigurations = (
				CEC39A7019FEA86B003D8AC9 /* Debug */,
				CEC39A7119FEA86B003D8AC9 /* Release */,
			);
			defaultConfigurationIsVisible = 0;
			defaultConfigurationName = Release;
		};
		CEC39A7219FEA86B003D8AC9 /* Build configuration list for PBXNativeTarget "YLTCPBroadcasterSampleTests" */ = {
			isa = XCConfigurationList;
			buildConfigurations = (
				CEC39A7319FEA86B003D8AC9 /* Debug */,
				CEC39A7419FEA86B003D8AC9 /* Release */,
			);
			defaultConfigurationIsVisible = 0;
			defaultConfigurationName = Release;
		};
/* End XCConfigurationList section */
	};
	rootObject = CEC39A4419FEA86A003D8AC9 /* Project object */;
}
